
Microsoft Visual Studio Solution File, Format Version 12.00
# Visual Studio Version 17
VisualStudioVersion = 17.9.34310.174
MinimumVisualStudioVersion = 10.0.40219.1
Project("{FAE04EC0-301F-11D3-BF4B-00C04F79EFBC}") = "LaunchCore", "LaunchCore\LaunchCore.csproj", "{7FCE2810-F657-474E-87B1-14ADFBB8FBE5}"
EndProject
Project("{9A19103F-16F7-4668-BE54-9A1E7A4F7556}") = "LaunchCoreUpdater", "LaunchCoreUpdater\LaunchCoreUpdater.csproj", "{7368E132-7DB6-421C-81F6-A26EB7CD92B8}"
EndProject
Global
	GlobalSection(SolutionConfigurationPlatforms) = preSolution
		Debug|Any CPU = Debug|Any CPU
		Debug|x64 = Debug|x64
		Debug|x86 = Debug|x86
		Release|Any CPU = Release|Any CPU
		Release|x64 = Release|x64
		Release|x86 = Release|x86
	EndGlobalSection
	GlobalSection(ProjectConfigurationPlatforms) = postSolution
		{7FCE2810-F657-474E-87B1-14ADFBB8FBE5}.Debug|Any CPU.ActiveCfg = Debug|Any CPU
		{7FCE2810-F657-474E-87B1-14ADFBB8FBE5}.Debug|Any CPU.Build.0 = Debug|Any CPU
		{7FCE2810-F657-474E-87B1-14ADFBB8FBE5}.Debug|x64.ActiveCfg = Debug|x64
		{7FCE2810-F657-474E-87B1-14ADFBB8FBE5}.Debug|x64.Build.0 = Debug|x64
		{7FCE2810-F657-474E-87B1-14ADFBB8FBE5}.Debug|x86.ActiveCfg = Debug|x86
		{7FCE2810-F657-474E-87B1-14ADFBB8FBE5}.Debug|x86.Build.0 = Debug|x86
		{7FCE2810-F657-474E-87B1-14ADFBB8FBE5}.Release|Any CPU.ActiveCfg = Release|Any CPU
		{7FCE2810-F657-474E-87B1-14ADFBB8FBE5}.Release|Any CPU.Build.0 = Release|Any CPU
		{7FCE2810-F657-474E-87B1-14ADFBB8FBE5}.Release|x64.ActiveCfg = Release|x64
		{7FCE2810-F657-474E-87B1-14ADFBB8FBE5}.Release|x64.Build.0 = Release|x64
		{7FCE2810-F657-474E-87B1-14ADFBB8FBE5}.Release|x86.ActiveCfg = Release|Any CPU
		{7FCE2810-F657-474E-87B1-14ADFBB8FBE5}.Release|x86.Build.0 = Release|Any CPU
		{7368E132-7DB6-421C-81F6-A26EB7CD92B8}.Debug|Any CPU.ActiveCfg = Debug|Any CPU
		{7368E132-7DB6-421C-81F6-A26EB7CD92B8}.Debug|Any CPU.Build.0 = Debug|Any CPU
		{7368E132-7DB6-421C-81F6-A26EB7CD92B8}.Debug|x64.ActiveCfg = Debug|x64
		{7368E132-7DB6-421C-81F6-A26EB7CD92B8}.Debug|x64.Build.0 = Debug|x64
		{7368E132-7DB6-421C-81F6-A26EB7CD92B8}.Debug|x86.ActiveCfg = Debug|x86
		{7368E132-7DB6-421C-81F6-A26EB7CD92B8}.Debug|x86.Build.0 = Debug|x86
		{7368E132-7DB6-421C-81F6-A26EB7CD92B8}.Release|Any CPU.ActiveCfg = Release|Any CPU
		{7368E132-7DB6-421C-81F6-A26EB7CD92B8}.Release|Any CPU.Build.0 = Release|Any CPU
		{7368E132-7DB6-421C-81F6-A26EB7CD92B8}.Release|x64.ActiveCfg = Release|x64
		{7368E132-7DB6-421C-81F6-A26EB7CD92B8}.Release|x64.Build.0 = Release|x64
		{7368E132-7DB6-421C-81F6-A26EB7CD92B8}.Release|x86.ActiveCfg = Release|x86
		{7368E132-7DB6-421C-81F6-A26EB7CD92B8}.Release|x86.Build.0 = Release|x86
	EndGlobalSection
	GlobalSection(SolutionProperties) = preSolution
		HideSolutionNode = FALSE
	EndGlobalSection
	GlobalSection(ExtensibilityGlobals) = postSolution
		SolutionGuid = {60CB56FC-2F4E-4997-B5FD-307DBAC29A83}
	EndGlobalSection
EndGlobal
